
Microsoft Visual Studio Solution File, Format Version 12.00
# Visual Studio Version 16
VisualStudioVersion = 16.0.30611.23
MinimumVisualStudioVersion = 10.0.40219.1
Project("{888888A0-9F3D-457C-B088-3A5042F75D52}") = "SeniorDesignPrototype1Attempt2", "SeniorDesignPrototype1Attempt2\SeniorDesignPrototype1Attempt2.pyproj", "{2D3BD707-8351-4997-9F70-1A86FD6DBDF8}"
EndProject
Global
	GlobalSection(SolutionConfigurationPlatforms) = preSolution
		Debug|Any CPU = Debug|Any CPU
		Release|Any CPU = Release|Any CPU
	EndGlobalSection
	GlobalSection(ProjectConfigurationPlatforms) = postSolution
		{2D3BD707-8351-4997-9F70-1A86FD6DBDF8}.Debug|Any CPU.ActiveCfg = Debug|Any CPU
		{2D3BD707-8351-4997-9F70-1A86FD6DBDF8}.Release|Any CPU.ActiveCfg = Release|Any CPU
	EndGlobalSection
	GlobalSection(SolutionProperties) = preSolution
		HideSolutionNode = FALSE
	EndGlobalSection
	GlobalSection(ExtensibilityGlobals) = postSolution
		SolutionGuid = {F8684729-05ED-4D2C-A297-345B9F508925}
	EndGlobalSection
EndGlobal
